// !$*UTF8*$!
{
	archiveVersion = 1;
	classes = {
	};
	objectVersion = 46;
	objects = {
/* Begin PBXBuildFile section */
		1D3623260D0F684500981E51 /* AppDelegate.m in Sources */ = {isa = PBXBuildFile; fileRef = 1D3623250D0F684500981E51 /* AppDelegate.m */; };
		1D60589B0D05DD56006BFB54 /* main.m in Sources */ = {isa = PBXBuildFile; fileRef = 29B97316FDCFA39411CA2CEA /* main.m */; };
		1F766FE113BBADB100FB74C0 /* Localizable.strings in Resources */ = {isa = PBXBuildFile; fileRef = 1F766FDC13BBADB100FB74C0 /* Localizable.strings */; };
		288765FD0DF74451002DB57D /* CoreGraphics.framework in Frameworks */ = {isa = PBXBuildFile; fileRef = 288765FC0DF74451002DB57D /* CoreGraphics.framework */; };
		301BF552109A68D80062928A /* libCordova.a in Frameworks */ = {isa = PBXBuildFile; fileRef = 301BF535109A57CC0062928A /* libCordova.a */; };
		302D95F114D2391D003F00A1 /* MainViewController.m in Sources */ = {isa = PBXBuildFile; fileRef = 302D95EF14D2391D003F00A1 /* MainViewController.m */; };
		302D95F214D2391D003F00A1 /* MainViewController.xib in Resources */ = {isa = PBXBuildFile; fileRef = 302D95F014D2391D003F00A1 /* MainViewController.xib */; };
		305D5FD1115AB8F900A74A75 /* MobileCoreServices.framework in Frameworks */ = {isa = PBXBuildFile; fileRef = 305D5FD0115AB8F900A74A75 /* MobileCoreServices.framework */; };
		3088BBBD154F3926009F9C59 /* Default-Landscape@2x~ipad.png in Resources */ = {isa = PBXBuildFile; fileRef = 3088BBB7154F3926009F9C59 /* Default-Landscape@2x~ipad.png */; };
		3088BBBE154F3926009F9C59 /* Default-Landscape~ipad.png in Resources */ = {isa = PBXBuildFile; fileRef = 3088BBB8154F3926009F9C59 /* Default-Landscape~ipad.png */; };
		3088BBBF154F3926009F9C59 /* Default-Portrait@2x~ipad.png in Resources */ = {isa = PBXBuildFile; fileRef = 3088BBB9154F3926009F9C59 /* Default-Portrait@2x~ipad.png */; };
		3088BBC0154F3926009F9C59 /* Default-Portrait~ipad.png in Resources */ = {isa = PBXBuildFile; fileRef = 3088BBBA154F3926009F9C59 /* Default-Portrait~ipad.png */; };
		3088BBC1154F3926009F9C59 /* Default@2x~iphone.png in Resources */ = {isa = PBXBuildFile; fileRef = 3088BBBB154F3926009F9C59 /* Default@2x~iphone.png */; };
		3088BBC2154F3926009F9C59 /* Default~iphone.png in Resources */ = {isa = PBXBuildFile; fileRef = 3088BBBC154F3926009F9C59 /* Default~iphone.png */; };
		308D05371370CCF300D202BF /* icon-72.png in Resources */ = {isa = PBXBuildFile; fileRef = 308D052E1370CCF300D202BF /* icon-72.png */; };
		308D05381370CCF300D202BF /* icon.png in Resources */ = {isa = PBXBuildFile; fileRef = 308D052F1370CCF300D202BF /* icon.png */; };
		308D05391370CCF300D202BF /* icon@2x.png in Resources */ = {isa = PBXBuildFile; fileRef = 308D05301370CCF300D202BF /* icon@2x.png */; };
		30A0434814DC770100060A13 /* Localizable.strings in Resources */ = {isa = PBXBuildFile; fileRef = 30A0434314DC770100060A13 /* Localizable.strings */; };
		30FC414916E50CA1004E6F35 /* icon-72@2x.png in Resources */ = {isa = PBXBuildFile; fileRef = 30FC414816E50CA1004E6F35 /* icon-72@2x.png */; };
		5AEE5B35173C68D80009041E /* CoreLocation.framework in Frameworks */ = {isa = PBXBuildFile; fileRef = 5AEE5B34173C68D80009041E /* CoreLocation.framework */; };
		5B1594DD16A7569C00FEF299 /* AssetsLibrary.framework in Frameworks */ = {isa = PBXBuildFile; fileRef = 5B1594DC16A7569C00FEF299 /* AssetsLibrary.framework */; };
		7E7966DE1810823500FA85AD /* icon-40.png in Resources */ = {isa = PBXBuildFile; fileRef = 7E7966D41810823500FA85AD /* icon-40.png */; };
		7E7966DF1810823500FA85AD /* icon-40@2x.png in Resources */ = {isa = PBXBuildFile; fileRef = 7E7966D51810823500FA85AD /* icon-40@2x.png */; };
		7E7966E01810823500FA85AD /* icon-50.png in Resources */ = {isa = PBXBuildFile; fileRef = 7E7966D61810823500FA85AD /* icon-50.png */; };
		7E7966E11810823500FA85AD /* icon-50@2x.png in Resources */ = {isa = PBXBuildFile; fileRef = 7E7966D71810823500FA85AD /* icon-50@2x.png */; };
		7E7966E21810823500FA85AD /* icon-60.png in Resources */ = {isa = PBXBuildFile; fileRef = 7E7966D81810823500FA85AD /* icon-60.png */; };
		7E7966E31810823500FA85AD /* icon-60@2x.png in Resources */ = {isa = PBXBuildFile; fileRef = 7E7966D91810823500FA85AD /* icon-60@2x.png */; };
		7E7966E41810823500FA85AD /* icon-76.png in Resources */ = {isa = PBXBuildFile; fileRef = 7E7966DA1810823500FA85AD /* icon-76.png */; };
		7E7966E51810823500FA85AD /* icon-76@2x.png in Resources */ = {isa = PBXBuildFile; fileRef = 7E7966DB1810823500FA85AD /* icon-76@2x.png */; };
		7E7966E61810823500FA85AD /* icon-small.png in Resources */ = {isa = PBXBuildFile; fileRef = 7E7966DC1810823500FA85AD /* icon-small.png */; };
		7E7966E71810823500FA85AD /* icon-small@2x.png in Resources */ = {isa = PBXBuildFile; fileRef = 7E7966DD1810823500FA85AD /* icon-small@2x.png */; };
		D4A0D8761607E02300AEF8BB /* Default-568h@2x~iphone.png in Resources */ = {isa = PBXBuildFile; fileRef = D4A0D8751607E02300AEF8BB /* Default-568h@2x~iphone.png */; };
		B492AECE51114FB4B63B5C04 /* CustomCamera.m in Sources */ = {isa = PBXBuildFile; fileRef = 478184BA7B8B48C8B53E9B04 /* CustomCamera.m */; };
		C48A74DB4FF44BF583FC1CEC /* CustomCameraViewController.m in Sources */ = {isa = PBXBuildFile; fileRef = C886D68184B64D4893B480CB /* CustomCameraViewController.m */; };
		E2C7E2B438D8461D8CF7C2D6 /* SOSPicker.m in Sources */ = {isa = PBXBuildFile; fileRef = 372C1E63FEAC4C0591A1E7B0 /* SOSPicker.m */; };
		6DF7997BFA60417CA8D1BB16 /* ELCAlbumPickerController.m in Sources */ = {isa = PBXBuildFile; fileRef = 92C11F97E7384E24A190F071 /* ELCAlbumPickerController.m */; };
		C37F5FD2030549EB8FDBF65D /* ELCAsset.m in Sources */ = {isa = PBXBuildFile; fileRef = C7CFD3F8EFB04256935EA650 /* ELCAsset.m */; };
		DEA5B9BF84A64E8B9598FD1B /* ELCAssetCell.m in Sources */ = {isa = PBXBuildFile; fileRef = 2BAC77D8BD3540E3A007185B /* ELCAssetCell.m */; };
		BC73D0B048BD42BEA3618B33 /* ELCAssetTablePicker.m in Sources */ = {isa = PBXBuildFile; fileRef = B333BCE1CB4A40DB90ECEFF8 /* ELCAssetTablePicker.m */; };
		3B247E0E712A4511A06C56DD /* ELCImagePickerController.m in Sources */ = {isa = PBXBuildFile; fileRef = 6D5ECEE4D4DE43F0BDB2CF42 /* ELCImagePickerController.m */; };
		6FD68C4617DF406E990B558A /* ELCAlbumPickerController.xib in Resources */ = {isa = PBXBuildFile; fileRef = F52B9710DE7F40C2B2863BFE /* ELCAlbumPickerController.xib */; };
		700819B43FBE43BBA7CFE80E /* ELCAssetPicker.xib in Resources */ = {isa = PBXBuildFile; fileRef = 23EEABB45C5E46C5BD876272 /* ELCAssetPicker.xib */; };
		256BDFF07B2B4B0BB08092D0 /* ELCAssetTablePicker.xib in Resources */ = {isa = PBXBuildFile; fileRef = CF3E45C7AF2C4454BAF45195 /* ELCAssetTablePicker.xib */; };
		F839719CB47340A0B2A54EF2 /* Overlay.png in Resources */ = {isa = PBXBuildFile; fileRef = 33F367B5C68A4E9AB8AE36FC /* Overlay.png */; };
		F1495387424F4FE196351161 /* Overlay@2x.png in Resources */ = {isa = PBXBuildFile; fileRef = 0AA8012AB0DC4FD69EA60FC4 /* Overlay@2x.png */; };
		3193FC3714324494A480074A /* CDVBattery.m in Sources */ = {isa = PBXBuildFile; fileRef = 6BA052597B9B469599ECC85D /* CDVBattery.m */; };
		2D7BEA1BAC2049749F2519E2 /* CDVCamera.m in Sources */ = {isa = PBXBuildFile; fileRef = 1788D2DB1BEE4680BE6C4483 /* CDVCamera.m */; };
		4C8860604EA542AF812FB5A6 /* CDVJpegHeaderWriter.m in Sources */ = {isa = PBXBuildFile; fileRef = 07CEBD916DEE40019444BA22 /* CDVJpegHeaderWriter.m */; };
		D3A0BC1AD82747AC9789E91D /* CDVContacts.m in Sources */ = {isa = PBXBuildFile; fileRef = 5DF8B0834DBC49509B650658 /* CDVContacts.m */; };
		73B24E2964D444D593931EDC /* CDVContact.m in Sources */ = {isa = PBXBuildFile; fileRef = 954F9E258F2A495894841B93 /* CDVContact.m */; };
		8C6471526AF94EDE84B86362 /* CDVDevice.m in Sources */ = {isa = PBXBuildFile; fileRef = 6718DAF7FEC341F5A239D718 /* CDVDevice.m */; };
		7460530341B5482BBB44ACD0 /* CDVCompass.m in Sources */ = {isa = PBXBuildFile; fileRef = C565BBE07C164C4FAB0C740E /* CDVCompass.m */; };
		777C18F5D23B41F2A05E0CFF /* CDVNotification.m in Sources */ = {isa = PBXBuildFile; fileRef = 4D27D604F2F242918F94A5B7 /* CDVNotification.m */; };
		404DFCD8A1A641609E26564F /* CDVNotification.bundle in Resources */ = {isa = PBXBuildFile; fileRef = 4A25EC411FD044F7812EF694 /* CDVNotification.bundle */; };
		4CC99BD570C3490D9D7AFA70 /* CDVFile.m in Sources */ = {isa = PBXBuildFile; fileRef = 9F6E6C9B92494FFA97597055 /* CDVFile.m */; };
		9D77D677679742CA9431A078 /* CDVLocalFilesystem.m in Sources */ = {isa = PBXBuildFile; fileRef = 90052CA5609746668A7449CB /* CDVLocalFilesystem.m */; };
		F4F2DBD690C54DE4ADC94775 /* CDVAssetLibraryFilesystem.m in Sources */ = {isa = PBXBuildFile; fileRef = 58DF2D845910406C9A993C70 /* CDVAssetLibraryFilesystem.m */; };
		1521539DA38443A9ADBFD5E5 /* CDVFileTransfer.m in Sources */ = {isa = PBXBuildFile; fileRef = 9AFDB78F283C4E92A446582C /* CDVFileTransfer.m */; };
		1B1A7601D8E646DB98C7898D /* CDVInAppBrowser.m in Sources */ = {isa = PBXBuildFile; fileRef = 615BDD3B26D04AC7A51D13B5 /* CDVInAppBrowser.m */; };
		6C81F520655E499CB9782B9D /* CDVSound.m in Sources */ = {isa = PBXBuildFile; fileRef = 8A25DD8252584C5BAE53F5FE /* CDVSound.m */; };
		5CAD5208BE4649DFA828DC59 /* CDVCapture.m in Sources */ = {isa = PBXBuildFile; fileRef = 0C33A88C103942ACB6EA867B /* CDVCapture.m */; };
		9063171A408F4F82A77C1F97 /* CDVCapture.bundle in Resources */ = {isa = PBXBuildFile; fileRef = 695BD7AD999340ECB923F533 /* CDVCapture.bundle */; };
		7A1CE434E9394B60B9890F65 /* CDVConnection.m in Sources */ = {isa = PBXBuildFile; fileRef = 842A3614680F40A7AB38A861 /* CDVConnection.m */; };
		092F80C573B54A1B9D345729 /* CDVReachability.m in Sources */ = {isa = PBXBuildFile; fileRef = B7A4B5F5FB2243BB92781BE2 /* CDVReachability.m */; };
		61831B6517E94B85937EA525 /* CDVVibration.m in Sources */ = {isa = PBXBuildFile; fileRef = 5362C35F9D8949A18D0828B8 /* CDVVibration.m */; };
		07E26EB1EEEF4DA2AED20E10 /* AVFoundation.framework in Frameworks */ = {isa = PBXBuildFile; fileRef = 48C7909D3158497CABF95AAC /* AVFoundation.framework */; };
		3BC1C11078B146A8986385C5 /* ImageIO.framework in Frameworks */ = {isa = PBXBuildFile; fileRef = 419F572305CA44689030F13E /* ImageIO.framework */; settings = {ATTRIBUTES = (Weak, ); }; };
		7B543FC5AD8843C18D8AAC8F /* AddressBook.framework in Frameworks */ = {isa = PBXBuildFile; fileRef = F599BE4F98374E34953EC828 /* AddressBook.framework */; settings = {ATTRIBUTES = (Weak, ); }; };
		ECB9EF0898D649A28D568D7B /* AddressBookUI.framework in Frameworks */ = {isa = PBXBuildFile; fileRef = 372B6D50CE7F4F4D9BDDBF72 /* AddressBookUI.framework */; settings = {ATTRIBUTES = (Weak, ); }; };
		48455CAA6E0642D1B283605C /* AudioToolbox.framework in Frameworks */ = {isa = PBXBuildFile; fileRef = 3E13601367B440EEB14BD390 /* AudioToolbox.framework */; settings = {ATTRIBUTES = (Weak, ); }; };
		0709CE5306C74243869AA729 /* SystemConfiguration.framework in Frameworks */ = {isa = PBXBuildFile; fileRef = 23AB713C6A6840A08E4263D4 /* SystemConfiguration.framework */; settings = {ATTRIBUTES = (Weak, ); }; };
/* End PBXBuildFile section */

/* Begin PBXContainerItemProxy section */
		301BF534109A57CC0062928A /* PBXContainerItemProxy */ = {
			isa = PBXContainerItemProxy;
			containerPortal = 301BF52D109A57CC0062928A /* CordovaLib.xcodeproj */;
			proxyType = 2;
			remoteGlobalIDString = D2AAC07E0554694100DB518D;
			remoteInfo = CordovaLib;
		};
		301BF550109A68C00062928A /* PBXContainerItemProxy */ = {
			isa = PBXContainerItemProxy;
			containerPortal = 301BF52D109A57CC0062928A /* CordovaLib.xcodeproj */;
			proxyType = 1;
			remoteGlobalIDString = D2AAC07D0554694100DB518D;
			remoteInfo = CordovaLib;
		};
/* End PBXContainerItemProxy section */

/* Begin PBXFileReference section */
		1D3623240D0F684500981E51 /* AppDelegate.h */ = {isa = PBXFileReference; fileEncoding = 4; lastKnownFileType = sourcecode.c.h; path = AppDelegate.h; sourceTree = "<group>"; };
		1D3623250D0F684500981E51 /* AppDelegate.m */ = {isa = PBXFileReference; fileEncoding = 4; lastKnownFileType = sourcecode.c.objc; path = AppDelegate.m; sourceTree = "<group>"; };
		1D6058910D05DD3D006BFB54 /* AH4R Field Ops.app */ = {isa = PBXFileReference; explicitFileType = wrapper.application; includeInIndex = 0; path = "AH4R Field Ops.app"; sourceTree = BUILT_PRODUCTS_DIR; };
		1F766FDD13BBADB100FB74C0 /* en */ = {isa = PBXFileReference; lastKnownFileType = text.plist.strings; name = en; path = Localizable.strings; sourceTree = "<group>"; };
		1F766FE013BBADB100FB74C0 /* es */ = {isa = PBXFileReference; lastKnownFileType = text.plist.strings; name = es; path = Localizable.strings; sourceTree = "<group>"; };
		288765FC0DF74451002DB57D /* CoreGraphics.framework */ = {isa = PBXFileReference; lastKnownFileType = wrapper.framework; name = CoreGraphics.framework; path = System/Library/Frameworks/CoreGraphics.framework; sourceTree = SDKROOT; };
		29B97316FDCFA39411CA2CEA /* main.m */ = {isa = PBXFileReference; fileEncoding = 4; lastKnownFileType = sourcecode.c.objc; path = main.m; sourceTree = "<group>"; };
		301BF52D109A57CC0062928A /* CordovaLib.xcodeproj */ = {isa = PBXFileReference; lastKnownFileType = "wrapper.pb-project"; name = CordovaLib.xcodeproj; path = "CordovaLib/CordovaLib.xcodeproj"; sourceTree = "<group>"; };
		301BF56E109A69640062928A /* www */ = {isa = PBXFileReference; lastKnownFileType = folder; path = www; sourceTree = SOURCE_ROOT; };
		302D95EE14D2391D003F00A1 /* MainViewController.h */ = {isa = PBXFileReference; fileEncoding = 4; lastKnownFileType = sourcecode.c.h; path = MainViewController.h; sourceTree = "<group>"; };
		302D95EF14D2391D003F00A1 /* MainViewController.m */ = {isa = PBXFileReference; fileEncoding = 4; lastKnownFileType = sourcecode.c.objc; path = MainViewController.m; sourceTree = "<group>"; };
		302D95F014D2391D003F00A1 /* MainViewController.xib */ = {isa = PBXFileReference; fileEncoding = 4; lastKnownFileType = file.xib; path = MainViewController.xib; sourceTree = "<group>"; };
		305D5FD0115AB8F900A74A75 /* MobileCoreServices.framework */ = {isa = PBXFileReference; lastKnownFileType = wrapper.framework; name = MobileCoreServices.framework; path = System/Library/Frameworks/MobileCoreServices.framework; sourceTree = SDKROOT; };
		3088BBB7154F3926009F9C59 /* Default-Landscape@2x~ipad.png */ = {isa = PBXFileReference; lastKnownFileType = image.png; path = "Default-Landscape@2x~ipad.png"; sourceTree = "<group>"; };
		3088BBB8154F3926009F9C59 /* Default-Landscape~ipad.png */ = {isa = PBXFileReference; lastKnownFileType = image.png; path = "Default-Landscape~ipad.png"; sourceTree = "<group>"; };
		3088BBB9154F3926009F9C59 /* Default-Portrait@2x~ipad.png */ = {isa = PBXFileReference; lastKnownFileType = image.png; path = "Default-Portrait@2x~ipad.png"; sourceTree = "<group>"; };
		3088BBBA154F3926009F9C59 /* Default-Portrait~ipad.png */ = {isa = PBXFileReference; lastKnownFileType = image.png; path = "Default-Portrait~ipad.png"; sourceTree = "<group>"; };
		3088BBBB154F3926009F9C59 /* Default@2x~iphone.png */ = {isa = PBXFileReference; lastKnownFileType = image.png; path = "Default@2x~iphone.png"; sourceTree = "<group>"; };
		3088BBBC154F3926009F9C59 /* Default~iphone.png */ = {isa = PBXFileReference; lastKnownFileType = image.png; path = "Default~iphone.png"; sourceTree = "<group>"; };
		308D052E1370CCF300D202BF /* icon-72.png */ = {isa = PBXFileReference; lastKnownFileType = image.png; path = "icon-72.png"; sourceTree = "<group>"; };
		308D052F1370CCF300D202BF /* icon.png */ = {isa = PBXFileReference; lastKnownFileType = image.png; path = icon.png; sourceTree = "<group>"; };
		308D05301370CCF300D202BF /* icon@2x.png */ = {isa = PBXFileReference; lastKnownFileType = image.png; path = "icon@2x.png"; sourceTree = "<group>"; };
		30A0434414DC770100060A13 /* de */ = {isa = PBXFileReference; lastKnownFileType = text.plist.strings; name = de; path = Localizable.strings; sourceTree = "<group>"; };
		30A0434714DC770100060A13 /* se */ = {isa = PBXFileReference; lastKnownFileType = text.plist.strings; name = se; path = Localizable.strings; sourceTree = "<group>"; };
		30FC414816E50CA1004E6F35 /* icon-72@2x.png */ = {isa = PBXFileReference; lastKnownFileType = image.png; path = "icon-72@2x.png"; sourceTree = "<group>"; };
		32CA4F630368D1EE00C91783 /* AH4R Field Ops-Prefix.pch */ = {isa = PBXFileReference; fileEncoding = 4; lastKnownFileType = sourcecode.c.h; path = "AH4R Field Ops-Prefix.pch"; sourceTree = "<group>"; };
		5AEE5B34173C68D80009041E /* CoreLocation.framework */ = {isa = PBXFileReference; lastKnownFileType = wrapper.framework; name = CoreLocation.framework; path = System/Library/Frameworks/CoreLocation.framework; sourceTree = SDKROOT; };
		5B1594DC16A7569C00FEF299 /* AssetsLibrary.framework */ = {isa = PBXFileReference; lastKnownFileType = wrapper.framework; name = AssetsLibrary.framework; path = System/Library/Frameworks/AssetsLibrary.framework; sourceTree = SDKROOT; };
		7E7966D41810823500FA85AD /* icon-40.png */ = {isa = PBXFileReference; lastKnownFileType = image.png; path = "icon-40.png"; sourceTree = "<group>"; };
		7E7966D51810823500FA85AD /* icon-40@2x.png */ = {isa = PBXFileReference; lastKnownFileType = image.png; path = "icon-40@2x.png"; sourceTree = "<group>"; };
		7E7966D61810823500FA85AD /* icon-50.png */ = {isa = PBXFileReference; lastKnownFileType = image.png; path = "icon-50.png"; sourceTree = "<group>"; };
		7E7966D71810823500FA85AD /* icon-50@2x.png */ = {isa = PBXFileReference; lastKnownFileType = image.png; path = "icon-50@2x.png"; sourceTree = "<group>"; };
		7E7966D81810823500FA85AD /* icon-60.png */ = {isa = PBXFileReference; lastKnownFileType = image.png; path = "icon-60.png"; sourceTree = "<group>"; };
		7E7966D91810823500FA85AD /* icon-60@2x.png */ = {isa = PBXFileReference; lastKnownFileType = image.png; path = "icon-60@2x.png"; sourceTree = "<group>"; };
		7E7966DA1810823500FA85AD /* icon-76.png */ = {isa = PBXFileReference; lastKnownFileType = image.png; path = "icon-76.png"; sourceTree = "<group>"; };
		7E7966DB1810823500FA85AD /* icon-76@2x.png */ = {isa = PBXFileReference; lastKnownFileType = image.png; path = "icon-76@2x.png"; sourceTree = "<group>"; };
		7E7966DC1810823500FA85AD /* icon-small.png */ = {isa = PBXFileReference; lastKnownFileType = image.png; path = "icon-small.png"; sourceTree = "<group>"; };
		7E7966DD1810823500FA85AD /* icon-small@2x.png */ = {isa = PBXFileReference; lastKnownFileType = image.png; path = "icon-small@2x.png"; sourceTree = "<group>"; };
		8D1107310486CEB800E47090 /* AH4R Field Ops-Info.plist */ = {isa = PBXFileReference; fileEncoding = 4; lastKnownFileType = text.plist.xml; name = "AH4R Field Ops-Info.plist"; path = "../AH4R Field Ops-Info.plist"; plistStructureDefinitionIdentifier = "com.apple.xcode.plist.structure-definition.iphone.info-plist"; sourceTree = "<group>"; };
		D4A0D8751607E02300AEF8BB /* Default-568h@2x~iphone.png */ = {isa = PBXFileReference; lastKnownFileType = image.png; path = "Default-568h@2x~iphone.png"; sourceTree = "<group>"; };
		EB87FDF21871DA7A0020F90C /* merges */ = {isa = PBXFileReference; lastKnownFileType = folder; name = merges; path = ../../merges; sourceTree = "<group>"; };
		EB87FDF31871DA8E0020F90C /* www */ = {isa = PBXFileReference; lastKnownFileType = folder; name = www; path = ../../www; sourceTree = "<group>"; };
		EB87FDF41871DAF40020F90C /* config.xml */ = {isa = PBXFileReference; lastKnownFileType = text.xml; name = config.xml; path = ../../config.xml; sourceTree = "<group>"; };
		F840E1F0165FE0F500CFE078 /* config.xml */ = {isa = PBXFileReference; lastKnownFileType = text.xml; name = config.xml; path = "AH4R Field Ops/config.xml"; sourceTree = "<group>"; };
		478184BA7B8B48C8B53E9B04 /* CustomCamera.m */ = {isa = PBXFileReference; lastKnownFileType = sourcecode.c.objc; name = "CustomCamera.m"; path = "com.performanceactive.plugins.camera/CustomCamera.m"; sourceTree = "<group>"; fileEncoding = 4; };
		C886D68184B64D4893B480CB /* CustomCameraViewController.m */ = {isa = PBXFileReference; lastKnownFileType = sourcecode.c.objc; name = "CustomCameraViewController.m"; path = "com.performanceactive.plugins.camera/CustomCameraViewController.m"; sourceTree = "<group>"; fileEncoding = 4; };
		F698F877ADB34618A513BAEA /* CustomCamera.h */ = {isa = PBXFileReference; lastKnownFileType = sourcecode.c.h; name = "CustomCamera.h"; path = "com.performanceactive.plugins.camera/CustomCamera.h"; sourceTree = "<group>"; fileEncoding = 4; };
		2097754F712D47ED8AF686D5 /* CustomCameraViewController.h */ = {isa = PBXFileReference; lastKnownFileType = sourcecode.c.h; name = "CustomCameraViewController.h"; path = "com.performanceactive.plugins.camera/CustomCameraViewController.h"; sourceTree = "<group>"; fileEncoding = 4; };
		372C1E63FEAC4C0591A1E7B0 /* SOSPicker.m */ = {isa = PBXFileReference; lastKnownFileType = sourcecode.c.objc; name = "SOSPicker.m"; path = "com.synconset.imagepicker/SOSPicker.m"; sourceTree = "<group>"; fileEncoding = 4; };
		92C11F97E7384E24A190F071 /* ELCAlbumPickerController.m */ = {isa = PBXFileReference; lastKnownFileType = sourcecode.c.objc; name = "ELCAlbumPickerController.m"; path = "com.synconset.imagepicker/ELCAlbumPickerController.m"; sourceTree = "<group>"; fileEncoding = 4; };
		C7CFD3F8EFB04256935EA650 /* ELCAsset.m */ = {isa = PBXFileReference; lastKnownFileType = sourcecode.c.objc; name = "ELCAsset.m"; path = "com.synconset.imagepicker/ELCAsset.m"; sourceTree = "<group>"; fileEncoding = 4; };
		2BAC77D8BD3540E3A007185B /* ELCAssetCell.m */ = {isa = PBXFileReference; lastKnownFileType = sourcecode.c.objc; name = "ELCAssetCell.m"; path = "com.synconset.imagepicker/ELCAssetCell.m"; sourceTree = "<group>"; fileEncoding = 4; };
		B333BCE1CB4A40DB90ECEFF8 /* ELCAssetTablePicker.m */ = {isa = PBXFileReference; lastKnownFileType = sourcecode.c.objc; name = "ELCAssetTablePicker.m"; path = "com.synconset.imagepicker/ELCAssetTablePicker.m"; sourceTree = "<group>"; fileEncoding = 4; };
		6D5ECEE4D4DE43F0BDB2CF42 /* ELCImagePickerController.m */ = {isa = PBXFileReference; lastKnownFileType = sourcecode.c.objc; name = "ELCImagePickerController.m"; path = "com.synconset.imagepicker/ELCImagePickerController.m"; sourceTree = "<group>"; fileEncoding = 4; };
		A611727D86C9453F90B2F09A /* SOSPicker.h */ = {isa = PBXFileReference; lastKnownFileType = sourcecode.c.h; name = "SOSPicker.h"; path = "com.synconset.imagepicker/SOSPicker.h"; sourceTree = "<group>"; fileEncoding = 4; };
		565F8DE0C0D4454A800F7082 /* ELCAlbumPickerController.h */ = {isa = PBXFileReference; lastKnownFileType = sourcecode.c.h; name = "ELCAlbumPickerController.h"; path = "com.synconset.imagepicker/ELCAlbumPickerController.h"; sourceTree = "<group>"; fileEncoding = 4; };
		5A8E64326B2C4A2F9271BB02 /* ELCAsset.h */ = {isa = PBXFileReference; lastKnownFileType = sourcecode.c.h; name = "ELCAsset.h"; path = "com.synconset.imagepicker/ELCAsset.h"; sourceTree = "<group>"; fileEncoding = 4; };
		01DC347F822047539ABE349A /* ELCAssetCell.h */ = {isa = PBXFileReference; lastKnownFileType = sourcecode.c.h; name = "ELCAssetCell.h"; path = "com.synconset.imagepicker/ELCAssetCell.h"; sourceTree = "<group>"; fileEncoding = 4; };
		6698D1865B4B4AC39A438EAC /* ELCAssetPickerFilterDelegate.h */ = {isa = PBXFileReference; lastKnownFileType = sourcecode.c.h; name = "ELCAssetPickerFilterDelegate.h"; path = "com.synconset.imagepicker/ELCAssetPickerFilterDelegate.h"; sourceTree = "<group>"; fileEncoding = 4; };
		433D616913B5464F818D5E2C /* ELCAssetSelectionDelegate.h */ = {isa = PBXFileReference; lastKnownFileType = sourcecode.c.h; name = "ELCAssetSelectionDelegate.h"; path = "com.synconset.imagepicker/ELCAssetSelectionDelegate.h"; sourceTree = "<group>"; fileEncoding = 4; };
		F911F69C0B5A4C478DCDE53D /* ELCAssetTablePicker.h */ = {isa = PBXFileReference; lastKnownFileType = sourcecode.c.h; name = "ELCAssetTablePicker.h"; path = "com.synconset.imagepicker/ELCAssetTablePicker.h"; sourceTree = "<group>"; fileEncoding = 4; };
		24D7B87612F44099A69372B2 /* ELCImagePickerController.h */ = {isa = PBXFileReference; lastKnownFileType = sourcecode.c.h; name = "ELCImagePickerController.h"; path = "com.synconset.imagepicker/ELCImagePickerController.h"; sourceTree = "<group>"; fileEncoding = 4; };
		F52B9710DE7F40C2B2863BFE /* ELCAlbumPickerController.xib */ = {isa = PBXFileReference; lastKnownFileType = file.xib; name = "ELCAlbumPickerController.xib"; path = "ELCAlbumPickerController.xib"; sourceTree = "<group>"; fileEncoding = 4; };
		23EEABB45C5E46C5BD876272 /* ELCAssetPicker.xib */ = {isa = PBXFileReference; lastKnownFileType = file.xib; name = "ELCAssetPicker.xib"; path = "ELCAssetPicker.xib"; sourceTree = "<group>"; fileEncoding = 4; };
		CF3E45C7AF2C4454BAF45195 /* ELCAssetTablePicker.xib */ = {isa = PBXFileReference; lastKnownFileType = file.xib; name = "ELCAssetTablePicker.xib"; path = "ELCAssetTablePicker.xib"; sourceTree = "<group>"; fileEncoding = 4; };
		33F367B5C68A4E9AB8AE36FC /* Overlay.png */ = {isa = PBXFileReference; lastKnownFileType = unknown; name = "Overlay.png"; path = "Overlay.png"; sourceTree = "<group>"; fileEncoding = 4; };
		0AA8012AB0DC4FD69EA60FC4 /* Overlay@2x.png */ = {isa = PBXFileReference; lastKnownFileType = unknown; name = "Overlay@2x.png"; path = "Overlay@2x.png"; sourceTree = "<group>"; fileEncoding = 4; };
		6BA052597B9B469599ECC85D /* CDVBattery.m */ = {isa = PBXFileReference; lastKnownFileType = sourcecode.c.objc; name = "CDVBattery.m"; path = "org.apache.cordova.battery-status/CDVBattery.m"; sourceTree = "<group>"; fileEncoding = 4; };
		42127087372F4B6193966853 /* CDVBattery.h */ = {isa = PBXFileReference; lastKnownFileType = sourcecode.c.h; name = "CDVBattery.h"; path = "org.apache.cordova.battery-status/CDVBattery.h"; sourceTree = "<group>"; fileEncoding = 4; };
		1788D2DB1BEE4680BE6C4483 /* CDVCamera.m */ = {isa = PBXFileReference; lastKnownFileType = sourcecode.c.objc; name = "CDVCamera.m"; path = "org.apache.cordova.camera/CDVCamera.m"; sourceTree = "<group>"; fileEncoding = 4; };
		07CEBD916DEE40019444BA22 /* CDVJpegHeaderWriter.m */ = {isa = PBXFileReference; lastKnownFileType = sourcecode.c.objc; name = "CDVJpegHeaderWriter.m"; path = "org.apache.cordova.camera/CDVJpegHeaderWriter.m"; sourceTree = "<group>"; fileEncoding = 4; };
		DE5E9D0D17604EE4AF4FBD21 /* CDVCamera.h */ = {isa = PBXFileReference; lastKnownFileType = sourcecode.c.h; name = "CDVCamera.h"; path = "org.apache.cordova.camera/CDVCamera.h"; sourceTree = "<group>"; fileEncoding = 4; };
		89680677D9414B9996D2CAF1 /* CDVJpegHeaderWriter.h */ = {isa = PBXFileReference; lastKnownFileType = sourcecode.c.h; name = "CDVJpegHeaderWriter.h"; path = "org.apache.cordova.camera/CDVJpegHeaderWriter.h"; sourceTree = "<group>"; fileEncoding = 4; };
		EFA1977F967D43D18E1304B3 /* CDVExif.h */ = {isa = PBXFileReference; lastKnownFileType = sourcecode.c.h; name = "CDVExif.h"; path = "org.apache.cordova.camera/CDVExif.h"; sourceTree = "<group>"; fileEncoding = 4; };
		5DF8B0834DBC49509B650658 /* CDVContacts.m */ = {isa = PBXFileReference; lastKnownFileType = sourcecode.c.objc; name = "CDVContacts.m"; path = "org.apache.cordova.contacts/CDVContacts.m"; sourceTree = "<group>"; fileEncoding = 4; };
		954F9E258F2A495894841B93 /* CDVContact.m */ = {isa = PBXFileReference; lastKnownFileType = sourcecode.c.objc; name = "CDVContact.m"; path = "org.apache.cordova.contacts/CDVContact.m"; sourceTree = "<group>"; fileEncoding = 4; };
		63D62BD8B1014BFCA91EF459 /* CDVContacts.h */ = {isa = PBXFileReference; lastKnownFileType = sourcecode.c.h; name = "CDVContacts.h"; path = "org.apache.cordova.contacts/CDVContacts.h"; sourceTree = "<group>"; fileEncoding = 4; };
		6FE12413F36B4166B744B1E7 /* CDVContact.h */ = {isa = PBXFileReference; lastKnownFileType = sourcecode.c.h; name = "CDVContact.h"; path = "org.apache.cordova.contacts/CDVContact.h"; sourceTree = "<group>"; fileEncoding = 4; };
		6718DAF7FEC341F5A239D718 /* CDVDevice.m */ = {isa = PBXFileReference; lastKnownFileType = sourcecode.c.objc; name = "CDVDevice.m"; path = "org.apache.cordova.device/CDVDevice.m"; sourceTree = "<group>"; fileEncoding = 4; };
		15E0FA1B3F7C4A859DAEEE92 /* CDVDevice.h */ = {isa = PBXFileReference; lastKnownFileType = sourcecode.c.h; name = "CDVDevice.h"; path = "org.apache.cordova.device/CDVDevice.h"; sourceTree = "<group>"; fileEncoding = 4; };
		C565BBE07C164C4FAB0C740E /* CDVCompass.m */ = {isa = PBXFileReference; lastKnownFileType = sourcecode.c.objc; name = "CDVCompass.m"; path = "org.apache.cordova.device-orientation/CDVCompass.m"; sourceTree = "<group>"; fileEncoding = 4; };
		F9A6517B80A749A6BF171833 /* CDVCompass.h */ = {isa = PBXFileReference; lastKnownFileType = sourcecode.c.h; name = "CDVCompass.h"; path = "org.apache.cordova.device-orientation/CDVCompass.h"; sourceTree = "<group>"; fileEncoding = 4; };
		4D27D604F2F242918F94A5B7 /* CDVNotification.m */ = {isa = PBXFileReference; lastKnownFileType = sourcecode.c.objc; name = "CDVNotification.m"; path = "org.apache.cordova.dialogs/CDVNotification.m"; sourceTree = "<group>"; fileEncoding = 4; };
		530F0D726A3947BAA9B28563 /* CDVNotification.h */ = {isa = PBXFileReference; lastKnownFileType = sourcecode.c.h; name = "CDVNotification.h"; path = "org.apache.cordova.dialogs/CDVNotification.h"; sourceTree = "<group>"; fileEncoding = 4; };
		4A25EC411FD044F7812EF694 /* CDVNotification.bundle */ = {isa = PBXFileReference; lastKnownFileType = "wrapper.plug-in"; name = "CDVNotification.bundle"; path = "CDVNotification.bundle"; sourceTree = "<group>"; };
		9F6E6C9B92494FFA97597055 /* CDVFile.m */ = {isa = PBXFileReference; lastKnownFileType = sourcecode.c.objc; name = "CDVFile.m"; path = "org.apache.cordova.file/CDVFile.m"; sourceTree = "<group>"; fileEncoding = 4; };
		90052CA5609746668A7449CB /* CDVLocalFilesystem.m */ = {isa = PBXFileReference; lastKnownFileType = sourcecode.c.objc; name = "CDVLocalFilesystem.m"; path = "org.apache.cordova.file/CDVLocalFilesystem.m"; sourceTree = "<group>"; fileEncoding = 4; };
		58DF2D845910406C9A993C70 /* CDVAssetLibraryFilesystem.m */ = {isa = PBXFileReference; lastKnownFileType = sourcecode.c.objc; name = "CDVAssetLibraryFilesystem.m"; path = "org.apache.cordova.file/CDVAssetLibraryFilesystem.m"; sourceTree = "<group>"; fileEncoding = 4; };
		EEF89988D2604D088F3116B5 /* CDVFile.h */ = {isa = PBXFileReference; lastKnownFileType = sourcecode.c.h; name = "CDVFile.h"; path = "org.apache.cordova.file/CDVFile.h"; sourceTree = "<group>"; fileEncoding = 4; };
		B229B4E8D0954F77B887E3D2 /* CDVLocalFilesystem.h */ = {isa = PBXFileReference; lastKnownFileType = sourcecode.c.h; name = "CDVLocalFilesystem.h"; path = "org.apache.cordova.file/CDVLocalFilesystem.h"; sourceTree = "<group>"; fileEncoding = 4; };
		2988CC1909F84312B9797E03 /* CDVAssetLibraryFilesystem.h */ = {isa = PBXFileReference; lastKnownFileType = sourcecode.c.h; name = "CDVAssetLibraryFilesystem.h"; path = "org.apache.cordova.file/CDVAssetLibraryFilesystem.h"; sourceTree = "<group>"; fileEncoding = 4; };
		9AFDB78F283C4E92A446582C /* CDVFileTransfer.m */ = {isa = PBXFileReference; lastKnownFileType = sourcecode.c.objc; name = "CDVFileTransfer.m"; path = "org.apache.cordova.file-transfer/CDVFileTransfer.m"; sourceTree = "<group>"; fileEncoding = 4; };
		1E6EFD898BD4454D9774CDFF /* CDVFileTransfer.h */ = {isa = PBXFileReference; lastKnownFileType = sourcecode.c.h; name = "CDVFileTransfer.h"; path = "org.apache.cordova.file-transfer/CDVFileTransfer.h"; sourceTree = "<group>"; fileEncoding = 4; };
		615BDD3B26D04AC7A51D13B5 /* CDVInAppBrowser.m */ = {isa = PBXFileReference; lastKnownFileType = sourcecode.c.objc; name = "CDVInAppBrowser.m"; path = "org.apache.cordova.inappbrowser/CDVInAppBrowser.m"; sourceTree = "<group>"; fileEncoding = 4; };
		EB8E5BE5632A45148DAA5C34 /* CDVInAppBrowser.h */ = {isa = PBXFileReference; lastKnownFileType = sourcecode.c.h; name = "CDVInAppBrowser.h"; path = "org.apache.cordova.inappbrowser/CDVInAppBrowser.h"; sourceTree = "<group>"; fileEncoding = 4; };
		8A25DD8252584C5BAE53F5FE /* CDVSound.m */ = {isa = PBXFileReference; lastKnownFileType = sourcecode.c.objc; name = "CDVSound.m"; path = "org.apache.cordova.media/CDVSound.m"; sourceTree = "<group>"; fileEncoding = 4; };
		7FA0465589E24F83BE079571 /* CDVSound.h */ = {isa = PBXFileReference; lastKnownFileType = sourcecode.c.h; name = "CDVSound.h"; path = "org.apache.cordova.media/CDVSound.h"; sourceTree = "<group>"; fileEncoding = 4; };
		0C33A88C103942ACB6EA867B /* CDVCapture.m */ = {isa = PBXFileReference; lastKnownFileType = sourcecode.c.objc; name = "CDVCapture.m"; path = "org.apache.cordova.media-capture/CDVCapture.m"; sourceTree = "<group>"; fileEncoding = 4; };
		3C83D82A5D8849CBBA7F7F5C /* CDVCapture.h */ = {isa = PBXFileReference; lastKnownFileType = sourcecode.c.h; name = "CDVCapture.h"; path = "org.apache.cordova.media-capture/CDVCapture.h"; sourceTree = "<group>"; fileEncoding = 4; };
		695BD7AD999340ECB923F533 /* CDVCapture.bundle */ = {isa = PBXFileReference; lastKnownFileType = "wrapper.plug-in"; name = "CDVCapture.bundle"; path = "CDVCapture.bundle"; sourceTree = "<group>"; };
		842A3614680F40A7AB38A861 /* CDVConnection.m */ = {isa = PBXFileReference; lastKnownFileType = sourcecode.c.objc; name = "CDVConnection.m"; path = "org.apache.cordova.network-information/CDVConnection.m"; sourceTree = "<group>"; fileEncoding = 4; };
		B7A4B5F5FB2243BB92781BE2 /* CDVReachability.m */ = {isa = PBXFileReference; lastKnownFileType = sourcecode.c.objc; name = "CDVReachability.m"; path = "org.apache.cordova.network-information/CDVReachability.m"; sourceTree = "<group>"; fileEncoding = 4; };
		726DB8438672455AAD67A5D8 /* CDVConnection.h */ = {isa = PBXFileReference; lastKnownFileType = sourcecode.c.h; name = "CDVConnection.h"; path = "org.apache.cordova.network-information/CDVConnection.h"; sourceTree = "<group>"; fileEncoding = 4; };
		0F2E6AAF9E064E4B9A9731AF /* CDVReachability.h */ = {isa = PBXFileReference; lastKnownFileType = sourcecode.c.h; name = "CDVReachability.h"; path = "org.apache.cordova.network-information/CDVReachability.h"; sourceTree = "<group>"; fileEncoding = 4; };
		5362C35F9D8949A18D0828B8 /* CDVVibration.m */ = {isa = PBXFileReference; lastKnownFileType = sourcecode.c.objc; name = "CDVVibration.m"; path = "org.apache.cordova.vibration/CDVVibration.m"; sourceTree = "<group>"; fileEncoding = 4; };
		CFB6E2DE837A4B3FA13F3D0B /* CDVVibration.h */ = {isa = PBXFileReference; lastKnownFileType = sourcecode.c.h; name = "CDVVibration.h"; path = "org.apache.cordova.vibration/CDVVibration.h"; sourceTree = "<group>"; fileEncoding = 4; };
		48C7909D3158497CABF95AAC /* AVFoundation.framework */ = {isa = PBXFileReference; lastKnownFileType = wrapper.framework; name = "AVFoundation.framework"; path = "System/Library/Frameworks/AVFoundation.framework"; sourceTree = SDKROOT; fileEncoding = 4; };
		419F572305CA44689030F13E /* ImageIO.framework */ = {isa = PBXFileReference; lastKnownFileType = wrapper.framework; name = "ImageIO.framework"; path = "System/Library/Frameworks/ImageIO.framework"; sourceTree = SDKROOT; fileEncoding = 4; };
		F599BE4F98374E34953EC828 /* AddressBook.framework */ = {isa = PBXFileReference; lastKnownFileType = wrapper.framework; name = "AddressBook.framework"; path = "System/Library/Frameworks/AddressBook.framework"; sourceTree = SDKROOT; fileEncoding = 4; };
		372B6D50CE7F4F4D9BDDBF72 /* AddressBookUI.framework */ = {isa = PBXFileReference; lastKnownFileType = wrapper.framework; name = "AddressBookUI.framework"; path = "System/Library/Frameworks/AddressBookUI.framework"; sourceTree = SDKROOT; fileEncoding = 4; };
		3E13601367B440EEB14BD390 /* AudioToolbox.framework */ = {isa = PBXFileReference; lastKnownFileType = wrapper.framework; name = "AudioToolbox.framework"; path = "System/Library/Frameworks/AudioToolbox.framework"; sourceTree = SDKROOT; fileEncoding = 4; };
		23AB713C6A6840A08E4263D4 /* SystemConfiguration.framework */ = {isa = PBXFileReference; lastKnownFileType = wrapper.framework; name = "SystemConfiguration.framework"; path = "System/Library/Frameworks/SystemConfiguration.framework"; sourceTree = SDKROOT; fileEncoding = 4; };
/* End PBXFileReference section */

/* Begin PBXFrameworksBuildPhase section */
		1D60588F0D05DD3D006BFB54 /* Frameworks */ = {
			isa = PBXFrameworksBuildPhase;
			buildActionMask = 2147483647;
			files = (
				5B1594DD16A7569C00FEF299 /* AssetsLibrary.framework in Frameworks */,
				301BF552109A68D80062928A /* libCordova.a in Frameworks */,
				288765FD0DF74451002DB57D /* CoreGraphics.framework in Frameworks */,
				305D5FD1115AB8F900A74A75 /* MobileCoreServices.framework in Frameworks */,
				5AEE5B35173C68D80009041E /* CoreLocation.framework in Frameworks */,
				07E26EB1EEEF4DA2AED20E10 /* AVFoundation.framework in Frameworks */,
				3BC1C11078B146A8986385C5 /* ImageIO.framework in Frameworks */,
				7B543FC5AD8843C18D8AAC8F /* AddressBook.framework in Frameworks */,
				ECB9EF0898D649A28D568D7B /* AddressBookUI.framework in Frameworks */,
				48455CAA6E0642D1B283605C /* AudioToolbox.framework in Frameworks */,
				0709CE5306C74243869AA729 /* SystemConfiguration.framework in Frameworks */,
			);
			runOnlyForDeploymentPostprocessing = 0;
		};
/* End PBXFrameworksBuildPhase section */

/* Begin PBXGroup section */
		080E96DDFE201D6D7F000001 /* Classes */ = {
			isa = PBXGroup;
			children = (
				302D95EE14D2391D003F00A1 /* MainViewController.h */,
				302D95EF14D2391D003F00A1 /* MainViewController.m */,
				302D95F014D2391D003F00A1 /* MainViewController.xib */,
				1D3623240D0F684500981E51 /* AppDelegate.h */,
				1D3623250D0F684500981E51 /* AppDelegate.m */,
			);
			name = Classes;
			path = "AH4R Field Ops/Classes";
			sourceTree = SOURCE_ROOT;
		};
		19C28FACFE9D520D11CA2CBB /* Products */ = {
			isa = PBXGroup;
			children = (
				1D6058910D05DD3D006BFB54 /* AH4R Field Ops.app */,
			);
			name = Products;
			sourceTree = "<group>";
		};
		1F766FDB13BBADB100FB74C0 /* en.lproj */ = {
			isa = PBXGroup;
			children = (
				1F766FDC13BBADB100FB74C0 /* Localizable.strings */,
			);
			path = en.lproj;
			sourceTree = "<group>";
		};
		1F766FDE13BBADB100FB74C0 /* es.lproj */ = {
			isa = PBXGroup;
			children = (
				1F766FDF13BBADB100FB74C0 /* Localizable.strings */,
			);
			path = es.lproj;
			sourceTree = "<group>";
		};
		29B97314FDCFA39411CA2CEA /* CustomTemplate */ = {
			isa = PBXGroup;
			children = (
				EB87FDF41871DAF40020F90C /* config.xml */,
				EB87FDF31871DA8E0020F90C /* www */,
				EB87FDF21871DA7A0020F90C /* merges */,
				EB87FDF11871DA420020F90C /* Staging */,
				301BF52D109A57CC0062928A /* CordovaLib.xcodeproj */,
				080E96DDFE201D6D7F000001 /* Classes */,
				307C750510C5A3420062BCA9 /* Plugins */,
				29B97315FDCFA39411CA2CEA /* Other Sources */,
				29B97317FDCFA39411CA2CEA /* Resources */,
				29B97323FDCFA39411CA2CEA /* Frameworks */,
				19C28FACFE9D520D11CA2CBB /* Products */,
			);
			name = CustomTemplate;
			sourceTree = "<group>";
		};
		29B97315FDCFA39411CA2CEA /* Other Sources */ = {
			isa = PBXGroup;
			children = (
				32CA4F630368D1EE00C91783 /* AH4R Field Ops-Prefix.pch */,
				29B97316FDCFA39411CA2CEA /* main.m */,
			);
			name = "Other Sources";
			path = "AH4R Field Ops";
			sourceTree = "<group>";
		};
		29B97317FDCFA39411CA2CEA /* Resources */ = {
			isa = PBXGroup;
			children = (
				30A0434214DC770100060A13 /* de.lproj */,
				30A0434514DC770100060A13 /* se.lproj */,
				1F766FDB13BBADB100FB74C0 /* en.lproj */,
				1F766FDE13BBADB100FB74C0 /* es.lproj */,
				308D052D1370CCF300D202BF /* icons */,
				308D05311370CCF300D202BF /* splash */,
				8D1107310486CEB800E47090 /* AH4R Field Ops-Info.plist */,
				F52B9710DE7F40C2B2863BFE /* ELCAlbumPickerController.xib */,
				23EEABB45C5E46C5BD876272 /* ELCAssetPicker.xib */,
				CF3E45C7AF2C4454BAF45195 /* ELCAssetTablePicker.xib */,
				33F367B5C68A4E9AB8AE36FC /* Overlay.png */,
				0AA8012AB0DC4FD69EA60FC4 /* Overlay@2x.png */,
				4A25EC411FD044F7812EF694 /* CDVNotification.bundle */,
				695BD7AD999340ECB923F533 /* CDVCapture.bundle */,
			);
			name = Resources;
			path = "AH4R Field Ops/Resources";
			sourceTree = "<group>";
		};
		29B97323FDCFA39411CA2CEA /* Frameworks */ = {
			isa = PBXGroup;
			children = (
				5AEE5B34173C68D80009041E /* CoreLocation.framework */,
				5B1594DC16A7569C00FEF299 /* AssetsLibrary.framework */,
				288765FC0DF74451002DB57D /* CoreGraphics.framework */,
				305D5FD0115AB8F900A74A75 /* MobileCoreServices.framework */,
				48C7909D3158497CABF95AAC /* AVFoundation.framework */,
				419F572305CA44689030F13E /* ImageIO.framework */,
				F599BE4F98374E34953EC828 /* AddressBook.framework */,
				372B6D50CE7F4F4D9BDDBF72 /* AddressBookUI.framework */,
				3E13601367B440EEB14BD390 /* AudioToolbox.framework */,
				23AB713C6A6840A08E4263D4 /* SystemConfiguration.framework */,
			);
			name = Frameworks;
			sourceTree = "<group>";
		};
		301BF52E109A57CC0062928A /* Products */ = {
			isa = PBXGroup;
			children = (
				301BF535109A57CC0062928A /* libCordova.a */,
			);
			name = Products;
			sourceTree = "<group>";
		};
		307C750510C5A3420062BCA9 /* Plugins */ = {
			isa = PBXGroup;
			children = (
				478184BA7B8B48C8B53E9B04 /* CustomCamera.m */,
				C886D68184B64D4893B480CB /* CustomCameraViewController.m */,
				F698F877ADB34618A513BAEA /* CustomCamera.h */,
				2097754F712D47ED8AF686D5 /* CustomCameraViewController.h */,
				372C1E63FEAC4C0591A1E7B0 /* SOSPicker.m */,
				92C11F97E7384E24A190F071 /* ELCAlbumPickerController.m */,
				C7CFD3F8EFB04256935EA650 /* ELCAsset.m */,
				2BAC77D8BD3540E3A007185B /* ELCAssetCell.m */,
				B333BCE1CB4A40DB90ECEFF8 /* ELCAssetTablePicker.m */,
				6D5ECEE4D4DE43F0BDB2CF42 /* ELCImagePickerController.m */,
				A611727D86C9453F90B2F09A /* SOSPicker.h */,
				565F8DE0C0D4454A800F7082 /* ELCAlbumPickerController.h */,
				5A8E64326B2C4A2F9271BB02 /* ELCAsset.h */,
				01DC347F822047539ABE349A /* ELCAssetCell.h */,
				6698D1865B4B4AC39A438EAC /* ELCAssetPickerFilterDelegate.h */,
				433D616913B5464F818D5E2C /* ELCAssetSelectionDelegate.h */,
				F911F69C0B5A4C478DCDE53D /* ELCAssetTablePicker.h */,
				24D7B87612F44099A69372B2 /* ELCImagePickerController.h */,
				6BA052597B9B469599ECC85D /* CDVBattery.m */,
				42127087372F4B6193966853 /* CDVBattery.h */,
				1788D2DB1BEE4680BE6C4483 /* CDVCamera.m */,
				07CEBD916DEE40019444BA22 /* CDVJpegHeaderWriter.m */,
				DE5E9D0D17604EE4AF4FBD21 /* CDVCamera.h */,
				89680677D9414B9996D2CAF1 /* CDVJpegHeaderWriter.h */,
				EFA1977F967D43D18E1304B3 /* CDVExif.h */,
				5DF8B0834DBC49509B650658 /* CDVContacts.m */,
				954F9E258F2A495894841B93 /* CDVContact.m */,
				63D62BD8B1014BFCA91EF459 /* CDVContacts.h */,
				6FE12413F36B4166B744B1E7 /* CDVContact.h */,
				6718DAF7FEC341F5A239D718 /* CDVDevice.m */,
				15E0FA1B3F7C4A859DAEEE92 /* CDVDevice.h */,
				C565BBE07C164C4FAB0C740E /* CDVCompass.m */,
				F9A6517B80A749A6BF171833 /* CDVCompass.h */,
				4D27D604F2F242918F94A5B7 /* CDVNotification.m */,
				530F0D726A3947BAA9B28563 /* CDVNotification.h */,
				9F6E6C9B92494FFA97597055 /* CDVFile.m */,
				90052CA5609746668A7449CB /* CDVLocalFilesystem.m */,
				58DF2D845910406C9A993C70 /* CDVAssetLibraryFilesystem.m */,
				EEF89988D2604D088F3116B5 /* CDVFile.h */,
				B229B4E8D0954F77B887E3D2 /* CDVLocalFilesystem.h */,
				2988CC1909F84312B9797E03 /* CDVAssetLibraryFilesystem.h */,
				9AFDB78F283C4E92A446582C /* CDVFileTransfer.m */,
				1E6EFD898BD4454D9774CDFF /* CDVFileTransfer.h */,
				615BDD3B26D04AC7A51D13B5 /* CDVInAppBrowser.m */,
				EB8E5BE5632A45148DAA5C34 /* CDVInAppBrowser.h */,
				8A25DD8252584C5BAE53F5FE /* CDVSound.m */,
				7FA0465589E24F83BE079571 /* CDVSound.h */,
				0C33A88C103942ACB6EA867B /* CDVCapture.m */,
				3C83D82A5D8849CBBA7F7F5C /* CDVCapture.h */,
				842A3614680F40A7AB38A861 /* CDVConnection.m */,
				B7A4B5F5FB2243BB92781BE2 /* CDVReachability.m */,
				726DB8438672455AAD67A5D8 /* CDVConnection.h */,
				0F2E6AAF9E064E4B9A9731AF /* CDVReachability.h */,
				5362C35F9D8949A18D0828B8 /* CDVVibration.m */,
				CFB6E2DE837A4B3FA13F3D0B /* CDVVibration.h */,
			);
			name = Plugins;
			path = "AH4R Field Ops/Plugins";
			sourceTree = SOURCE_ROOT;
		};
		308D052D1370CCF300D202BF /* icons */ = {
			isa = PBXGroup;
			children = (
				7E7966D41810823500FA85AD /* icon-40.png */,
				7E7966D51810823500FA85AD /* icon-40@2x.png */,
				7E7966D61810823500FA85AD /* icon-50.png */,
				7E7966D71810823500FA85AD /* icon-50@2x.png */,
				7E7966D81810823500FA85AD /* icon-60.png */,
				7E7966D91810823500FA85AD /* icon-60@2x.png */,
				7E7966DA1810823500FA85AD /* icon-76.png */,
				7E7966DB1810823500FA85AD /* icon-76@2x.png */,
				7E7966DC1810823500FA85AD /* icon-small.png */,
				7E7966DD1810823500FA85AD /* icon-small@2x.png */,
				30FC414816E50CA1004E6F35 /* icon-72@2x.png */,
				308D052E1370CCF300D202BF /* icon-72.png */,
				308D052F1370CCF300D202BF /* icon.png */,
				308D05301370CCF300D202BF /* icon@2x.png */,
			);
			path = icons;
			sourceTree = "<group>";
		};
		308D05311370CCF300D202BF /* splash */ = {
			isa = PBXGroup;
			children = (
				D4A0D8751607E02300AEF8BB /* Default-568h@2x~iphone.png */,
				3088BBB7154F3926009F9C59 /* Default-Landscape@2x~ipad.png */,
				3088BBB8154F3926009F9C59 /* Default-Landscape~ipad.png */,
				3088BBB9154F3926009F9C59 /* Default-Portrait@2x~ipad.png */,
				3088BBBA154F3926009F9C59 /* Default-Portrait~ipad.png */,
				3088BBBB154F3926009F9C59 /* Default@2x~iphone.png */,
				3088BBBC154F3926009F9C59 /* Default~iphone.png */,
			);
			path = splash;
			sourceTree = "<group>";
		};
		30A0434214DC770100060A13 /* de.lproj */ = {
			isa = PBXGroup;
			children = (
				30A0434314DC770100060A13 /* Localizable.strings */,
			);
			path = de.lproj;
			sourceTree = "<group>";
		};
		30A0434514DC770100060A13 /* se.lproj */ = {
			isa = PBXGroup;
			children = (
				30A0434614DC770100060A13 /* Localizable.strings */,
			);
			path = se.lproj;
			sourceTree = "<group>";
		};
		EB87FDF11871DA420020F90C /* Staging */ = {
			isa = PBXGroup;
			children = (
				F840E1F0165FE0F500CFE078 /* config.xml */,
				301BF56E109A69640062928A /* www */,
			);
			name = Staging;
			sourceTree = "<group>";
		};
/* End PBXGroup section */

/* Begin PBXNativeTarget section */
		1D6058900D05DD3D006BFB54 /* AH4R Field Ops */ = {
			isa = PBXNativeTarget;
			buildConfigurationList = 1D6058960D05DD3E006BFB54 /* Build configuration list for PBXNativeTarget "AH4R Field Ops" */;
			buildPhases = (
				304B58A110DAC018002A0835 /* Copy www directory */,
				1D60588D0D05DD3D006BFB54 /* Resources */,
				1D60588E0D05DD3D006BFB54 /* Sources */,
				1D60588F0D05DD3D006BFB54 /* Frameworks */,
			);
			buildRules = (
			);
			dependencies = (
				301BF551109A68C00062928A /* PBXTargetDependency */,
			);
			name = "AH4R Field Ops";
			productName = "AH4R Field Ops";
			productReference = 1D6058910D05DD3D006BFB54 /* AH4R Field Ops.app */;
			productType = "com.apple.product-type.application";
		};
/* End PBXNativeTarget section */

/* Begin PBXProject section */
		29B97313FDCFA39411CA2CEA /* Project object */ = {
			isa = PBXProject;
			attributes = {
				LastUpgradeCheck = 500;
			};
			buildConfigurationList = C01FCF4E08A954540054247B /* Build configuration list for PBXProject "__CLI__" */;
			compatibilityVersion = "Xcode 3.2";
			developmentRegion = English;
			hasScannedForEncodings = 1;
			knownRegions = (
				English,
				Japanese,
				French,
				German,
				en,
				es,
				de,
				se,
			);
			mainGroup = 29B97314FDCFA39411CA2CEA /* CustomTemplate */;
			projectDirPath = "";
			projectReferences = (
				{
					ProductGroup = 301BF52E109A57CC0062928A /* Products */;
					ProjectRef = 301BF52D109A57CC0062928A /* CordovaLib.xcodeproj */;
				},
			);
			projectRoot = "";
			targets = (
				1D6058900D05DD3D006BFB54 /* AH4R Field Ops */,
			);
		};
/* End PBXProject section */

/* Begin PBXReferenceProxy section */
		301BF535109A57CC0062928A /* libCordova.a */ = {
			isa = PBXReferenceProxy;
			fileType = archive.ar;
			path = libCordova.a;
			remoteRef = 301BF534109A57CC0062928A /* PBXContainerItemProxy */;
			sourceTree = BUILT_PRODUCTS_DIR;
		};
/* End PBXReferenceProxy section */

/* Begin PBXResourcesBuildPhase section */
		1D60588D0D05DD3D006BFB54 /* Resources */ = {
			isa = PBXResourcesBuildPhase;
			buildActionMask = 2147483647;
			files = (
				7E7966E41810823500FA85AD /* icon-76.png in Resources */,
				7E7966DF1810823500FA85AD /* icon-40@2x.png in Resources */,
				308D05371370CCF300D202BF /* icon-72.png in Resources */,
				308D05381370CCF300D202BF /* icon.png in Resources */,
				308D05391370CCF300D202BF /* icon@2x.png in Resources */,
				1F766FE113BBADB100FB74C0 /* Localizable.strings in Resources */,
				302D95F214D2391D003F00A1 /* MainViewController.xib in Resources */,
				7E7966E01810823500FA85AD /* icon-50.png in Resources */,
				7E7966E31810823500FA85AD /* icon-60@2x.png in Resources */,
				30A0434814DC770100060A13 /* Localizable.strings in Resources */,
				7E7966E61810823500FA85AD /* icon-small.png in Resources */,
				3088BBBD154F3926009F9C59 /* Default-Landscape@2x~ipad.png in Resources */,
				3088BBBE154F3926009F9C59 /* Default-Landscape~ipad.png in Resources */,
				3088BBBF154F3926009F9C59 /* Default-Portrait@2x~ipad.png in Resources */,
				7E7966E71810823500FA85AD /* icon-small@2x.png in Resources */,
				3088BBC0154F3926009F9C59 /* Default-Portrait~ipad.png in Resources */,
				7E7966DE1810823500FA85AD /* icon-40.png in Resources */,
				3088BBC1154F3926009F9C59 /* Default@2x~iphone.png in Resources */,
				7E7966E21810823500FA85AD /* icon-60.png in Resources */,
				3088BBC2154F3926009F9C59 /* Default~iphone.png in Resources */,
				D4A0D8761607E02300AEF8BB /* Default-568h@2x~iphone.png in Resources */,
				7E7966E11810823500FA85AD /* icon-50@2x.png in Resources */,
				7E7966E51810823500FA85AD /* icon-76@2x.png in Resources */,
				30FC414916E50CA1004E6F35 /* icon-72@2x.png in Resources */,
				6FD68C4617DF406E990B558A /* ELCAlbumPickerController.xib in Resources */,
				700819B43FBE43BBA7CFE80E /* ELCAssetPicker.xib in Resources */,
				256BDFF07B2B4B0BB08092D0 /* ELCAssetTablePicker.xib in Resources */,
				F839719CB47340A0B2A54EF2 /* Overlay.png in Resources */,
				F1495387424F4FE196351161 /* Overlay@2x.png in Resources */,
				404DFCD8A1A641609E26564F /* CDVNotification.bundle in Resources */,
				9063171A408F4F82A77C1F97 /* CDVCapture.bundle in Resources */,
			);
			runOnlyForDeploymentPostprocessing = 0;
		};
/* End PBXResourcesBuildPhase section */

/* Begin PBXShellScriptBuildPhase section */
		304B58A110DAC018002A0835 /* Copy www directory */ = {
			isa = PBXShellScriptBuildPhase;
			buildActionMask = 2147483647;
			files = (
			);
			inputPaths = (
			);
			name = "Copy www directory";
			outputPaths = (
			);
			runOnlyForDeploymentPostprocessing = 0;
			shellPath = /bin/sh;
			shellScript = "cordova/lib/copy-www-build-step.sh";
			showEnvVarsInLog = 0;
		};
/* End PBXShellScriptBuildPhase section */

/* Begin PBXSourcesBuildPhase section */
		1D60588E0D05DD3D006BFB54 /* Sources */ = {
			isa = PBXSourcesBuildPhase;
			buildActionMask = 2147483647;
			files = (
				1D60589B0D05DD56006BFB54 /* main.m in Sources */,
				1D3623260D0F684500981E51 /* AppDelegate.m in Sources */,
				302D95F114D2391D003F00A1 /* MainViewController.m in Sources */,
				B492AECE51114FB4B63B5C04 /* CustomCamera.m in Sources */,
				C48A74DB4FF44BF583FC1CEC /* CustomCameraViewController.m in Sources */,
				E2C7E2B438D8461D8CF7C2D6 /* SOSPicker.m in Sources */,
				6DF7997BFA60417CA8D1BB16 /* ELCAlbumPickerController.m in Sources */,
				C37F5FD2030549EB8FDBF65D /* ELCAsset.m in Sources */,
				DEA5B9BF84A64E8B9598FD1B /* ELCAssetCell.m in Sources */,
				BC73D0B048BD42BEA3618B33 /* ELCAssetTablePicker.m in Sources */,
				3B247E0E712A4511A06C56DD /* ELCImagePickerController.m in Sources */,
				3193FC3714324494A480074A /* CDVBattery.m in Sources */,
				2D7BEA1BAC2049749F2519E2 /* CDVCamera.m in Sources */,
				4C8860604EA542AF812FB5A6 /* CDVJpegHeaderWriter.m in Sources */,
				D3A0BC1AD82747AC9789E91D /* CDVContacts.m in Sources */,
				73B24E2964D444D593931EDC /* CDVContact.m in Sources */,
				8C6471526AF94EDE84B86362 /* CDVDevice.m in Sources */,
				7460530341B5482BBB44ACD0 /* CDVCompass.m in Sources */,
				777C18F5D23B41F2A05E0CFF /* CDVNotification.m in Sources */,
				4CC99BD570C3490D9D7AFA70 /* CDVFile.m in Sources */,
				9D77D677679742CA9431A078 /* CDVLocalFilesystem.m in Sources */,
				F4F2DBD690C54DE4ADC94775 /* CDVAssetLibraryFilesystem.m in Sources */,
				1521539DA38443A9ADBFD5E5 /* CDVFileTransfer.m in Sources */,
				1B1A7601D8E646DB98C7898D /* CDVInAppBrowser.m in Sources */,
				6C81F520655E499CB9782B9D /* CDVSound.m in Sources */,
				5CAD5208BE4649DFA828DC59 /* CDVCapture.m in Sources */,
				7A1CE434E9394B60B9890F65 /* CDVConnection.m in Sources */,
				092F80C573B54A1B9D345729 /* CDVReachability.m in Sources */,
				61831B6517E94B85937EA525 /* CDVVibration.m in Sources */,
			);
			runOnlyForDeploymentPostprocessing = 0;
		};
/* End PBXSourcesBuildPhase section */

/* Begin PBXTargetDependency section */
		301BF551109A68C00062928A /* PBXTargetDependency */ = {
			isa = PBXTargetDependency;
			name = CordovaLib;
			targetProxy = 301BF550109A68C00062928A /* PBXContainerItemProxy */;
		};
/* End PBXTargetDependency section */

/* Begin PBXVariantGroup section */
		1F766FDC13BBADB100FB74C0 /* Localizable.strings */ = {
			isa = PBXVariantGroup;
			children = (
				1F766FDD13BBADB100FB74C0 /* en */,
			);
			name = Localizable.strings;
			sourceTree = "<group>";
		};
		1F766FDF13BBADB100FB74C0 /* Localizable.strings */ = {
			isa = PBXVariantGroup;
			children = (
				1F766FE013BBADB100FB74C0 /* es */,
			);
			name = Localizable.strings;
			sourceTree = "<group>";
		};
		30A0434314DC770100060A13 /* Localizable.strings */ = {
			isa = PBXVariantGroup;
			children = (
				30A0434414DC770100060A13 /* de */,
			);
			name = Localizable.strings;
			sourceTree = "<group>";
		};
		30A0434614DC770100060A13 /* Localizable.strings */ = {
			isa = PBXVariantGroup;
			children = (
				30A0434714DC770100060A13 /* se */,
			);
			name = Localizable.strings;
			sourceTree = "<group>";
		};
/* End PBXVariantGroup section */

/* Begin XCBuildConfiguration section */
		1D6058940D05DD3E006BFB54 /* Debug */ = {
			isa = XCBuildConfiguration;
			buildSettings = {
				ALWAYS_SEARCH_USER_PATHS = NO;
				CLANG_ENABLE_OBJC_ARC = YES;
				COPY_PHASE_STRIP = NO;
				GCC_DYNAMIC_NO_PIC = NO;
				GCC_OPTIMIZATION_LEVEL = 0;
				GCC_PRECOMPILE_PREFIX_HEADER = YES;
				GCC_PREFIX_HEADER = "AH4R Field Ops/AH4R Field Ops-Prefix.pch";
				GCC_THUMB_SUPPORT = NO;
				GCC_VERSION = "";
				INFOPLIST_FILE = "AH4R Field Ops/AH4R Field Ops-Info.plist";
				IPHONEOS_DEPLOYMENT_TARGET = 5.0;
				OTHER_LDFLAGS = (
					"-weak_framework",
					CoreFoundation,
					"-weak_framework",
					UIKit,
					"-weak_framework",
					AVFoundation,
					"-weak_framework",
					CoreMedia,
					"-weak-lSystem",
					"-force_load",
					"\"$(BUILT_PRODUCTS_DIR)/libCordova.a\"",
					"-ObjC",
				);
				PRODUCT_NAME = "AH4R Field Ops";
				TARGETED_DEVICE_FAMILY = "1,2";
			};
			name = Debug;
		};
		1D6058950D05DD3E006BFB54 /* Release */ = {
			isa = XCBuildConfiguration;
			buildSettings = {
				ALWAYS_SEARCH_USER_PATHS = NO;
				CLANG_ENABLE_OBJC_ARC = YES;
				COPY_PHASE_STRIP = YES;
				GCC_PRECOMPILE_PREFIX_HEADER = YES;
				GCC_PREFIX_HEADER = "AH4R Field Ops/AH4R Field Ops-Prefix.pch";
				GCC_THUMB_SUPPORT = NO;
				GCC_VERSION = "";
				INFOPLIST_FILE = "AH4R Field Ops/AH4R Field Ops-Info.plist";
				IPHONEOS_DEPLOYMENT_TARGET = 5.0;
				OTHER_LDFLAGS = (
					"-weak_framework",
					CoreFoundation,
					"-weak_framework",
					UIKit,
					"-weak_framework",
					AVFoundation,
					"-weak_framework",
					CoreMedia,
					"-weak-lSystem",
					"-force_load",
					"\"$(BUILT_PRODUCTS_DIR)/libCordova.a\"",
					"-ObjC",
				);
				PRODUCT_NAME = "AH4R Field Ops";
				TARGETED_DEVICE_FAMILY = "1,2";
			};
			name = Release;
		};
		C01FCF4F08A954540054247B /* Debug */ = {
			isa = XCBuildConfiguration;
			buildSettings = {
				CLANG_ENABLE_OBJC_ARC = YES;
				CLANG_WARN_BOOL_CONVERSION = YES;
				CLANG_WARN_CONSTANT_CONVERSION = YES;
				CLANG_WARN_EMPTY_BODY = YES;
				CLANG_WARN_ENUM_CONVERSION = YES;
				CLANG_WARN_INT_CONVERSION = YES;
				CLANG_WARN__DUPLICATE_METHOD_MATCH = YES;
				"CODE_SIGN_IDENTITY[sdk=iphoneos*]" = "iPhone Developer";
				GCC_C_LANGUAGE_STANDARD = c99;
				GCC_THUMB_SUPPORT = NO;
				GCC_VERSION = "";
				GCC_WARN_ABOUT_RETURN_TYPE = YES;
				GCC_WARN_UNDECLARED_SELECTOR = YES;
				GCC_WARN_UNINITIALIZED_AUTOS = YES;
				GCC_WARN_UNUSED_FUNCTION = YES;
				GCC_WARN_UNUSED_VARIABLE = YES;
				HEADER_SEARCH_PATHS = (
					"\"$(TARGET_BUILD_DIR)/usr/local/lib/include\"",
					"\"$(OBJROOT)/UninstalledProducts/include\"",
					"\"$(BUILT_PRODUCTS_DIR)\"",
				);
				IPHONEOS_DEPLOYMENT_TARGET = 5.0;
				ONLY_ACTIVE_ARCH = YES;
				OTHER_LDFLAGS = (
					"-weak_framework",
					CoreFoundation,
					"-weak_framework",
					UIKit,
					"-weak_framework",
					AVFoundation,
					"-weak_framework",
					CoreMedia,
					"-weak-lSystem",
					"-force_load",
					"\"$(BUILT_PRODUCTS_DIR)/libCordova.a\"",
					"-ObjC",
				);
				SDKROOT = iphoneos;
				SKIP_INSTALL = NO;
				USER_HEADER_SEARCH_PATHS = "";
			};
			name = Debug;
		};
		C01FCF5008A954540054247B /* Release */ = {
			isa = XCBuildConfiguration;
			buildSettings = {
				CLANG_ENABLE_OBJC_ARC = YES;
				CLANG_WARN_BOOL_CONVERSION = YES;
				CLANG_WARN_CONSTANT_CONVERSION = YES;
				CLANG_WARN_EMPTY_BODY = YES;
				CLANG_WARN_ENUM_CONVERSION = YES;
				CLANG_WARN_INT_CONVERSION = YES;
				CLANG_WARN__DUPLICATE_METHOD_MATCH = YES;
				"CODE_SIGN_IDENTITY[sdk=iphoneos*]" = "iPhone Developer";
				GCC_C_LANGUAGE_STANDARD = c99;
				GCC_THUMB_SUPPORT = NO;
				GCC_VERSION = "";
				GCC_WARN_ABOUT_RETURN_TYPE = YES;
				GCC_WARN_UNDECLARED_SELECTOR = YES;
				GCC_WARN_UNINITIALIZED_AUTOS = YES;
				GCC_WARN_UNUSED_FUNCTION = YES;
				GCC_WARN_UNUSED_VARIABLE = YES;
				HEADER_SEARCH_PATHS = (
					"\"$(TARGET_BUILD_DIR)/usr/local/lib/include\"",
					"\"$(OBJROOT)/UninstalledProducts/include\"",
					"\"$(BUILT_PRODUCTS_DIR)\"",
				);
				IPHONEOS_DEPLOYMENT_TARGET = 5.0;
				OTHER_LDFLAGS = (
					"-weak_framework",
					CoreFoundation,
					"-weak_framework",
					UIKit,
					"-weak_framework",
					AVFoundation,
					"-weak_framework",
					CoreMedia,
					"-weak-lSystem",
					"-force_load",
					"\"$(BUILT_PRODUCTS_DIR)/libCordova.a\"",
					"-ObjC",
				);
				SDKROOT = iphoneos;
				SKIP_INSTALL = NO;
				USER_HEADER_SEARCH_PATHS = "";
			};
			name = Release;
		};
/* End XCBuildConfiguration section */

/* Begin XCConfigurationList section */
		1D6058960D05DD3E006BFB54 /* Build configuration list for PBXNativeTarget "AH4R Field Ops" */ = {
			isa = XCConfigurationList;
			buildConfigurations = (
				1D6058940D05DD3E006BFB54 /* Debug */,
				1D6058950D05DD3E006BFB54 /* Release */,
			);
			defaultConfigurationIsVisible = 0;
			defaultConfigurationName = Release;
		};
		C01FCF4E08A954540054247B /* Build configuration list for PBXProject "__CLI__" */ = {
			isa = XCConfigurationList;
			buildConfigurations = (
				C01FCF4F08A954540054247B /* Debug */,
				C01FCF5008A954540054247B /* Release */,
			);
			defaultConfigurationIsVisible = 0;
			defaultConfigurationName = Release;
		};
/* End XCConfigurationList section */
	};
	rootObject = 29B97313FDCFA39411CA2CEA /* Project object */;
}
